
Microsoft Visual Studio Solution File, Format Version 12.00
# Visual Studio 15
VisualStudioVersion = 15.0.28307.852
MinimumVisualStudioVersion = 10.0.40219.1
Project("{8BC9CEB8-8B4A-11D0-8D11-00A0C91BC942}") = "Core", "Core\Core.vcxproj", "{5BF63145-A348-4B75-8137-F3BC803343FD}"
EndProject
Project("{8BC9CEB8-8B4A-11D0-8D11-00A0C91BC942}") = "Math", "Math\Math.vcxproj", "{8683AF56-C8C7-4387-91B1-468616FFB20B}"
EndProject
Project("{2150E333-8FDC-42A3-9474-1A3956D46DE8}") = "Framework", "Framework", "{8EF9DC7F-9D9E-4069-AA75-59D5F0AE07E5}"
EndProject
Project("{2150E333-8FDC-42A3-9474-1A3956D46DE8}") = "UnitTests", "UnitTests", "{D5041A66-2726-44FB-98A5-AA067A5786D6}"
EndProject
Project("{8BC9CEB8-8B4A-11D0-8D11-00A0C91BC942}") = "MathTest", "MathTest\MathTest.vcxproj", "{CDDABE6D-2953-4CF3-98B9-EE49FF774F99}"
EndProject
Global
	GlobalSection(SolutionConfigurationPlatforms) = preSolution
		Debug|x64 = Debug|x64
		Debug|x86 = Debug|x86
		Release|x64 = Release|x64
		Release|x86 = Release|x86
	EndGlobalSection
	GlobalSection(ProjectConfigurationPlatforms) = postSolution
		{5BF63145-A348-4B75-8137-F3BC803343FD}.Debug|x64.ActiveCfg = Debug|x64
		{5BF63145-A348-4B75-8137-F3BC803343FD}.Debug|x64.Build.0 = Debug|x64
		{5BF63145-A348-4B75-8137-F3BC803343FD}.Debug|x86.ActiveCfg = Debug|Win32
		{5BF63145-A348-4B75-8137-F3BC803343FD}.Debug|x86.Build.0 = Debug|Win32
		{5BF63145-A348-4B75-8137-F3BC803343FD}.Release|x64.ActiveCfg = Release|x64
		{5BF63145-A348-4B75-8137-F3BC803343FD}.Release|x64.Build.0 = Release|x64
		{5BF63145-A348-4B75-8137-F3BC803343FD}.Release|x86.ActiveCfg = Release|Win32
		{5BF63145-A348-4B75-8137-F3BC803343FD}.Release|x86.Build.0 = Release|Win32
		{8683AF56-C8C7-4387-91B1-468616FFB20B}.Debug|x64.ActiveCfg = Debug|x64
		{8683AF56-C8C7-4387-91B1-468616FFB20B}.Debug|x64.Build.0 = Debug|x64
		{8683AF56-C8C7-4387-91B1-468616FFB20B}.Debug|x86.ActiveCfg = Debug|Win32
		{8683AF56-C8C7-4387-91B1-468616FFB20B}.Debug|x86.Build.0 = Debug|Win32
		{8683AF56-C8C7-4387-91B1-468616FFB20B}.Release|x64.ActiveCfg = Release|x64
		{8683AF56-C8C7-4387-91B1-468616FFB20B}.Release|x64.Build.0 = Release|x64
		{8683AF56-C8C7-4387-91B1-468616FFB20B}.Release|x86.ActiveCfg = Release|Win32
		{8683AF56-C8C7-4387-91B1-468616FFB20B}.Release|x86.Build.0 = Release|Win32
		{CDDABE6D-2953-4CF3-98B9-EE49FF774F99}.Debug|x64.ActiveCfg = Debug|x64
		{CDDABE6D-2953-4CF3-98B9-EE49FF774F99}.Debug|x64.Build.0 = Debug|x64
		{CDDABE6D-2953-4CF3-98B9-EE49FF774F99}.Debug|x86.ActiveCfg = Debug|Win32
		{CDDABE6D-2953-4CF3-98B9-EE49FF774F99}.Debug|x86.Build.0 = Debug|Win32
		{CDDABE6D-2953-4CF3-98B9-EE49FF774F99}.Release|x64.ActiveCfg = Release|x64
		{CDDABE6D-2953-4CF3-98B9-EE49FF774F99}.Release|x64.Build.0 = Release|x64
		{CDDABE6D-2953-4CF3-98B9-EE49FF774F99}.Release|x86.ActiveCfg = Release|Win32
		{CDDABE6D-2953-4CF3-98B9-EE49FF774F99}.Release|x86.Build.0 = Release|Win32
	EndGlobalSection
	GlobalSection(SolutionProperties) = preSolution
		HideSolutionNode = FALSE
	EndGlobalSection
	GlobalSection(NestedProjects) = preSolution
		{5BF63145-A348-4B75-8137-F3BC803343FD} = {8EF9DC7F-9D9E-4069-AA75-59D5F0AE07E5}
		{8683AF56-C8C7-4387-91B1-468616FFB20B} = {8EF9DC7F-9D9E-4069-AA75-59D5F0AE07E5}
		{CDDABE6D-2953-4CF3-98B9-EE49FF774F99} = {D5041A66-2726-44FB-98A5-AA067A5786D6}
	EndGlobalSection
	GlobalSection(ExtensibilityGlobals) = postSolution
		SolutionGuid = {CB10E374-558C-4E7E-ABF5-019F67E91FC8}
	EndGlobalSection
	GlobalSection(TeamFoundationVersionControl) = preSolution
		SccNumberOfProjects = 4
		SccEnterpriseProvider = {4CA58AB2-18FA-4F8D-95D4-32DDF27D184C}
		SccTeamFoundationServer = https://dev.azure.com/timjustin
		SccLocalPath0 = .
		SccProjectUniqueName1 = Core\\Core.vcxproj
		SccProjectTopLevelParentUniqueName1 = Angazi.sln
		SccProjectName1 = Core
		SccLocalPath1 = Core
		SccProjectUniqueName2 = Math\\Math.vcxproj
		SccProjectTopLevelParentUniqueName2 = Angazi.sln
		SccProjectName2 = Math
		SccLocalPath2 = Math
		SccProjectUniqueName3 = MathTest\\MathTest.vcxproj
		SccProjectTopLevelParentUniqueName3 = Angazi.sln
		SccProjectName3 = MathTest
		SccLocalPath3 = MathTest
	EndGlobalSection
EndGlobal
