
Microsoft Visual Studio Solution File, Format Version 12.00
# Visual Studio 15
VisualStudioVersion = 15.0.28307.852
MinimumVisualStudioVersion = 10.0.40219.1
Project("{2150E333-8FDC-42A3-9474-1A3956D46DE8}") = "Framework", "Framework", "{8EF9DC7F-9D9E-4069-AA75-59D5F0AE07E5}"
EndProject
Project("{2150E333-8FDC-42A3-9474-1A3956D46DE8}") = "UnitTests", "UnitTests", "{D5041A66-2726-44FB-98A5-AA067A5786D6}"
EndProject
Project("{2150E333-8FDC-42A3-9474-1A3956D46DE8}") = "VGP242", "VGP242", "{9B852B2F-139B-4C48-9F1D-76E03C623EE6}"
EndProject
Project("{2150E333-8FDC-42A3-9474-1A3956D46DE8}") = "Engine", "Engine", "{586E07A6-2D9B-4332-A260-D110FFA2B503}"
EndProject
Project("{8BC9CEB8-8B4A-11D0-8D11-00A0C91BC942}") = "Core", "Framework\Core\Core.vcxproj", "{5BF63145-A348-4B75-8137-F3BC803343FD}"
EndProject
Project("{8BC9CEB8-8B4A-11D0-8D11-00A0C91BC942}") = "Math", "Framework\Math\Math.vcxproj", "{8683AF56-C8C7-4387-91B1-468616FFB20B}"
EndProject
Project("{8BC9CEB8-8B4A-11D0-8D11-00A0C91BC942}") = "MathTest", "UnitTests\MathTest\MathTest.vcxproj", "{CDDABE6D-2953-4CF3-98B9-EE49FF774F99}"
EndProject
Project("{8BC9CEB8-8B4A-11D0-8D11-00A0C91BC942}") = "Angazi", "Engine\Angazi\Angazi.vcxproj", "{C3204D71-84AC-46FA-8CBB-42ED98FA9E8C}"
EndProject
Project("{8BC9CEB8-8B4A-11D0-8D11-00A0C91BC942}") = "01_HelloWindow", "VGP242\01_HelloWindow\01_HelloWindow.vcxproj", "{EBED988D-20C9-4C62-A19C-25EF7D425431}"
EndProject
Project("{2150E333-8FDC-42A3-9474-1A3956D46DE8}") = "External", "External", "{B4A67DDD-7DE8-4B2A-B5EB-C53BFE4D52A8}"
EndProject
Project("{8BC9CEB8-8B4A-11D0-8D11-00A0C91BC942}") = "DirectXTK_Desktop_2017", "External\DirectXTK\DirectXTK_Desktop_2017.vcxproj", "{E0B52AE7-E160-4D32-BF3F-910B785E5A8E}"
EndProject
Project("{8BC9CEB8-8B4A-11D0-8D11-00A0C91BC942}") = "Graphics", "Framework\Graphics\Graphics.vcxproj", "{06E6ABDE-CF57-4616-A611-454834E8C04A}"
EndProject
Project("{8BC9CEB8-8B4A-11D0-8D11-00A0C91BC942}") = "Input", "Framework\Input\Input.vcxproj", "{02DC0CE5-72DF-4F89-8AF2-FF9C0E351A1A}"
EndProject
Project("{8BC9CEB8-8B4A-11D0-8D11-00A0C91BC942}") = "02_HelloDirectX", "VGP242\02_HelloDirectX\02_HelloDirectX.vcxproj", "{CDA47632-A0C5-47AF-8839-8191A6B2105E}"
EndProject
Project("{8BC9CEB8-8B4A-11D0-8D11-00A0C91BC942}") = "03_HelloTriangle", "VGP242\03_HelloTriangle\03_HelloTriangle.vcxproj", "{6EFD7FB0-4EBF-4570-85B8-ABA270365C47}"
EndProject
Project("{2150E333-8FDC-42A3-9474-1A3956D46DE8}") = "Assets", "Assets", "{151081E7-6860-49B2-904A-B1EFA6CCB4D5}"
EndProject
Project("{2150E333-8FDC-42A3-9474-1A3956D46DE8}") = "Shaders", "Shaders", "{7BEA6B8E-242B-46B4-8366-0A659EFAE1D1}"
	ProjectSection(SolutionItems) = preProject
		Assets\Shaders\DoNothing.fx = Assets\Shaders\DoNothing.fx
		Assets\Shaders\DoSomething.fx = Assets\Shaders\DoSomething.fx
		Assets\Shaders\DoTexturing.fx = Assets\Shaders\DoTexturing.fx
		Assets\Shaders\DoTransform.fx = Assets\Shaders\DoTransform.fx
		Assets\Shaders\GLBasic.glsl = Assets\Shaders\GLBasic.glsl
		Assets\Shaders\GLCamera.glsl = Assets\Shaders\GLCamera.glsl
		Assets\Shaders\GLColor.glsl = Assets\Shaders\GLColor.glsl
		Assets\Shaders\GLTexturing.glsl = Assets\Shaders\GLTexturing.glsl
		Assets\Shaders\SimpleDraw.fx = Assets\Shaders\SimpleDraw.fx
		Assets\Shaders\SimpleDraw.glsl = Assets\Shaders\SimpleDraw.glsl
	EndProjectSection
EndProject
Project("{8BC9CEB8-8B4A-11D0-8D11-00A0C91BC942}") = "04_HelloShapes", "VGP242\04_HelloShapes\04_HelloShapes.vcxproj", "{464D5F6E-2CE0-4664-8A84-70F54725E22B}"
EndProject
Project("{8BC9CEB8-8B4A-11D0-8D11-00A0C91BC942}") = "05_HelloCube", "VGP242\05_HelloCube\05_HelloCube.vcxproj", "{78303C56-896B-4853-8BC2-C45D7FF793D3}"
EndProject
Project("{8BC9CEB8-8B4A-11D0-8D11-00A0C91BC942}") = "06_Hello_Texturing", "VGP242\06_Hello_Texturing\06_Hello_Texturing.vcxproj", "{8DE518EE-56C4-4B9F-8546-14C3D5F54E45}"
EndProject
Project("{8BC9CEB8-8B4A-11D0-8D11-00A0C91BC942}") = "07_HelloEarth", "VGP242\07_HelloEarth\07_HelloEarth.vcxproj", "{DAA08175-4D9C-4022-A424-776319EF2458}"
EndProject
Project("{8BC9CEB8-8B4A-11D0-8D11-00A0C91BC942}") = "08_HelloSolarSystem", "VGP242\08_HelloSolarSystem\08_HelloSolarSystem.vcxproj", "{52DF0404-3BA5-42CB-8432-5684BD54E6D0}"
EndProject
Project("{2150E333-8FDC-42A3-9474-1A3956D46DE8}") = "OpenGLProjects", "OpenGLProjects", "{CBC87F91-E468-482E-8B22-D8AAA1668ABB}"
EndProject
Project("{8BC9CEB8-8B4A-11D0-8D11-00A0C91BC942}") = "GraphicsGL", "Framework\GraphicsGL\GraphicsGL.vcxproj", "{D7DCC971-B132-44A6-A6A0-86B8C5640F17}"
EndProject
Project("{8BC9CEB8-8B4A-11D0-8D11-00A0C91BC942}") = "OpenGL_02_Texturing", "OpenGLProjects\OpenGL_02_Texturing\OpenGL_02_Texturing.vcxproj", "{ED845C21-24C1-4226-A6A2-3CF523338C1D}"
EndProject
Project("{8BC9CEB8-8B4A-11D0-8D11-00A0C91BC942}") = "OpenGL_01_Triangle", "OpenGLProjects\OpenGL_01_Triangle\OpenGL_01_Triangle.vcxproj", "{0D025616-84EE-41BC-9DB0-30D9F91498D2}"
EndProject
Project("{8BC9CEB8-8B4A-11D0-8D11-00A0C91BC942}") = "OpenGL_03_Cube", "OpenGLProjects\OpenGL_03_Cube\OpenGL_03_Cube.vcxproj", "{9D0DE007-45D1-4D13-BF7C-B7752C94329B}"
EndProject
Project("{8BC9CEB8-8B4A-11D0-8D11-00A0C91BC942}") = "OpenGL_04_SolarSystem", "OpenGLProjects\OpenGL_04_SolarSystem\OpenGL_04_SolarSystem.vcxproj", "{09E4523B-767B-454C-BE07-96EA212ADA7D}"
EndProject
Project("{8BC9CEB8-8B4A-11D0-8D11-00A0C91BC942}") = "ImGui", "External\ImGui\ImGui.vcxproj", "{9DE256EB-9199-4BCE-AF41-ED0BDF8021FF}"
EndProject
Project("{2150E333-8FDC-42A3-9474-1A3956D46DE8}") = "VGP330", "VGP330", "{F8400894-831D-4B54-8637-B23ED468BE24}"
EndProject
Project("{8BC9CEB8-8B4A-11D0-8D11-00A0C91BC942}") = "09_HelloImGui", "VGP330\09_HelloImGui\09_HelloImGui.vcxproj", "{532D9138-B4AB-4041-AB7D-DEF96BD524A1}"
EndProject
Project("{8BC9CEB8-8B4A-11D0-8D11-00A0C91BC942}") = "10_HelloSimpleDraw", "VGP330\10_HelloSimpleDraw\10_HelloSimpleDraw.vcxproj", "{6E4149ED-A502-46D4-ABFA-1BA1BCAC25BE}"
EndProject
Project("{8BC9CEB8-8B4A-11D0-8D11-00A0C91BC942}") = "OpenGL_05_ImGui", "OpenGLProjects\OpenGL_05_ImGui\OpenGL_05_ImGui.vcxproj", "{CA0BC289-41EF-4B17-BE94-1300C2B8D58F}"
EndProject
Project("{8BC9CEB8-8B4A-11D0-8D11-00A0C91BC942}") = "glew_static", "External\Glew\build\vc15\glew_static.vcxproj", "{664E6F0D-6784-4760-9565-D54F8EB1EDF4}"
EndProject
Project("{8BC9CEB8-8B4A-11D0-8D11-00A0C91BC942}") = "OpenGL_06_SimpleDraw", "OpenGLProjects\OpenGL_06_SimpleDraw\OpenGL_06_SimpleDraw.vcxproj", "{6DB48E72-FE6F-4403-BB34-F02568F37F36}"
EndProject
Global
	GlobalSection(SolutionConfigurationPlatforms) = preSolution
		Debug|x64 = Debug|x64
		Debug|x86 = Debug|x86
		MinSizeRel|x64 = MinSizeRel|x64
		MinSizeRel|x86 = MinSizeRel|x86
		Release|x64 = Release|x64
		Release|x86 = Release|x86
		RelWithDebInfo|x64 = RelWithDebInfo|x64
		RelWithDebInfo|x86 = RelWithDebInfo|x86
	EndGlobalSection
	GlobalSection(ProjectConfigurationPlatforms) = postSolution
		{5BF63145-A348-4B75-8137-F3BC803343FD}.Debug|x64.ActiveCfg = Debug|x64
		{5BF63145-A348-4B75-8137-F3BC803343FD}.Debug|x64.Build.0 = Debug|x64
		{5BF63145-A348-4B75-8137-F3BC803343FD}.Debug|x86.ActiveCfg = Debug|Win32
		{5BF63145-A348-4B75-8137-F3BC803343FD}.Debug|x86.Build.0 = Debug|Win32
		{5BF63145-A348-4B75-8137-F3BC803343FD}.MinSizeRel|x64.ActiveCfg = Release|x64
		{5BF63145-A348-4B75-8137-F3BC803343FD}.MinSizeRel|x64.Build.0 = Release|x64
		{5BF63145-A348-4B75-8137-F3BC803343FD}.MinSizeRel|x86.ActiveCfg = Release|Win32
		{5BF63145-A348-4B75-8137-F3BC803343FD}.MinSizeRel|x86.Build.0 = Release|Win32
		{5BF63145-A348-4B75-8137-F3BC803343FD}.Release|x64.ActiveCfg = Release|x64
		{5BF63145-A348-4B75-8137-F3BC803343FD}.Release|x64.Build.0 = Release|x64
		{5BF63145-A348-4B75-8137-F3BC803343FD}.Release|x86.ActiveCfg = Release|Win32
		{5BF63145-A348-4B75-8137-F3BC803343FD}.Release|x86.Build.0 = Release|Win32
		{5BF63145-A348-4B75-8137-F3BC803343FD}.RelWithDebInfo|x64.ActiveCfg = Release|x64
		{5BF63145-A348-4B75-8137-F3BC803343FD}.RelWithDebInfo|x64.Build.0 = Release|x64
		{5BF63145-A348-4B75-8137-F3BC803343FD}.RelWithDebInfo|x86.ActiveCfg = Release|Win32
		{5BF63145-A348-4B75-8137-F3BC803343FD}.RelWithDebInfo|x86.Build.0 = Release|Win32
		{8683AF56-C8C7-4387-91B1-468616FFB20B}.Debug|x64.ActiveCfg = Debug|x64
		{8683AF56-C8C7-4387-91B1-468616FFB20B}.Debug|x64.Build.0 = Debug|x64
		{8683AF56-C8C7-4387-91B1-468616FFB20B}.Debug|x86.ActiveCfg = Debug|Win32
		{8683AF56-C8C7-4387-91B1-468616FFB20B}.Debug|x86.Build.0 = Debug|Win32
		{8683AF56-C8C7-4387-91B1-468616FFB20B}.MinSizeRel|x64.ActiveCfg = Release|x64
		{8683AF56-C8C7-4387-91B1-468616FFB20B}.MinSizeRel|x64.Build.0 = Release|x64
		{8683AF56-C8C7-4387-91B1-468616FFB20B}.MinSizeRel|x86.ActiveCfg = Release|Win32
		{8683AF56-C8C7-4387-91B1-468616FFB20B}.MinSizeRel|x86.Build.0 = Release|Win32
		{8683AF56-C8C7-4387-91B1-468616FFB20B}.Release|x64.ActiveCfg = Release|x64
		{8683AF56-C8C7-4387-91B1-468616FFB20B}.Release|x64.Build.0 = Release|x64
		{8683AF56-C8C7-4387-91B1-468616FFB20B}.Release|x86.ActiveCfg = Release|Win32
		{8683AF56-C8C7-4387-91B1-468616FFB20B}.Release|x86.Build.0 = Release|Win32
		{8683AF56-C8C7-4387-91B1-468616FFB20B}.RelWithDebInfo|x64.ActiveCfg = Release|x64
		{8683AF56-C8C7-4387-91B1-468616FFB20B}.RelWithDebInfo|x64.Build.0 = Release|x64
		{8683AF56-C8C7-4387-91B1-468616FFB20B}.RelWithDebInfo|x86.ActiveCfg = Release|Win32
		{8683AF56-C8C7-4387-91B1-468616FFB20B}.RelWithDebInfo|x86.Build.0 = Release|Win32
		{CDDABE6D-2953-4CF3-98B9-EE49FF774F99}.Debug|x64.ActiveCfg = Debug|x64
		{CDDABE6D-2953-4CF3-98B9-EE49FF774F99}.Debug|x64.Build.0 = Debug|x64
		{CDDABE6D-2953-4CF3-98B9-EE49FF774F99}.Debug|x86.ActiveCfg = Debug|Win32
		{CDDABE6D-2953-4CF3-98B9-EE49FF774F99}.Debug|x86.Build.0 = Debug|Win32
		{CDDABE6D-2953-4CF3-98B9-EE49FF774F99}.MinSizeRel|x64.ActiveCfg = Release|x64
		{CDDABE6D-2953-4CF3-98B9-EE49FF774F99}.MinSizeRel|x64.Build.0 = Release|x64
		{CDDABE6D-2953-4CF3-98B9-EE49FF774F99}.MinSizeRel|x86.ActiveCfg = Release|Win32
		{CDDABE6D-2953-4CF3-98B9-EE49FF774F99}.MinSizeRel|x86.Build.0 = Release|Win32
		{CDDABE6D-2953-4CF3-98B9-EE49FF774F99}.Release|x64.ActiveCfg = Release|x64
		{CDDABE6D-2953-4CF3-98B9-EE49FF774F99}.Release|x64.Build.0 = Release|x64
		{CDDABE6D-2953-4CF3-98B9-EE49FF774F99}.Release|x86.ActiveCfg = Release|Win32
		{CDDABE6D-2953-4CF3-98B9-EE49FF774F99}.Release|x86.Build.0 = Release|Win32
		{CDDABE6D-2953-4CF3-98B9-EE49FF774F99}.RelWithDebInfo|x64.ActiveCfg = Release|x64
		{CDDABE6D-2953-4CF3-98B9-EE49FF774F99}.RelWithDebInfo|x64.Build.0 = Release|x64
		{CDDABE6D-2953-4CF3-98B9-EE49FF774F99}.RelWithDebInfo|x86.ActiveCfg = Release|Win32
		{CDDABE6D-2953-4CF3-98B9-EE49FF774F99}.RelWithDebInfo|x86.Build.0 = Release|Win32
		{C3204D71-84AC-46FA-8CBB-42ED98FA9E8C}.Debug|x64.ActiveCfg = Debug|x64
		{C3204D71-84AC-46FA-8CBB-42ED98FA9E8C}.Debug|x64.Build.0 = Debug|x64
		{C3204D71-84AC-46FA-8CBB-42ED98FA9E8C}.Debug|x86.ActiveCfg = Debug|Win32
		{C3204D71-84AC-46FA-8CBB-42ED98FA9E8C}.Debug|x86.Build.0 = Debug|Win32
		{C3204D71-84AC-46FA-8CBB-42ED98FA9E8C}.MinSizeRel|x64.ActiveCfg = Release|x64
		{C3204D71-84AC-46FA-8CBB-42ED98FA9E8C}.MinSizeRel|x64.Build.0 = Release|x64
		{C3204D71-84AC-46FA-8CBB-42ED98FA9E8C}.MinSizeRel|x86.ActiveCfg = Release|Win32
		{C3204D71-84AC-46FA-8CBB-42ED98FA9E8C}.MinSizeRel|x86.Build.0 = Release|Win32
		{C3204D71-84AC-46FA-8CBB-42ED98FA9E8C}.Release|x64.ActiveCfg = Release|x64
		{C3204D71-84AC-46FA-8CBB-42ED98FA9E8C}.Release|x64.Build.0 = Release|x64
		{C3204D71-84AC-46FA-8CBB-42ED98FA9E8C}.Release|x86.ActiveCfg = Release|Win32
		{C3204D71-84AC-46FA-8CBB-42ED98FA9E8C}.Release|x86.Build.0 = Release|Win32
		{C3204D71-84AC-46FA-8CBB-42ED98FA9E8C}.RelWithDebInfo|x64.ActiveCfg = Release|x64
		{C3204D71-84AC-46FA-8CBB-42ED98FA9E8C}.RelWithDebInfo|x64.Build.0 = Release|x64
		{C3204D71-84AC-46FA-8CBB-42ED98FA9E8C}.RelWithDebInfo|x86.ActiveCfg = Release|Win32
		{C3204D71-84AC-46FA-8CBB-42ED98FA9E8C}.RelWithDebInfo|x86.Build.0 = Release|Win32
		{EBED988D-20C9-4C62-A19C-25EF7D425431}.Debug|x64.ActiveCfg = Debug|x64
		{EBED988D-20C9-4C62-A19C-25EF7D425431}.Debug|x64.Build.0 = Debug|x64
		{EBED988D-20C9-4C62-A19C-25EF7D425431}.Debug|x86.ActiveCfg = Debug|Win32
		{EBED988D-20C9-4C62-A19C-25EF7D425431}.Debug|x86.Build.0 = Debug|Win32
		{EBED988D-20C9-4C62-A19C-25EF7D425431}.MinSizeRel|x64.ActiveCfg = Release|x64
		{EBED988D-20C9-4C62-A19C-25EF7D425431}.MinSizeRel|x64.Build.0 = Release|x64
		{EBED988D-20C9-4C62-A19C-25EF7D425431}.MinSizeRel|x86.ActiveCfg = Release|Win32
		{EBED988D-20C9-4C62-A19C-25EF7D425431}.MinSizeRel|x86.Build.0 = Release|Win32
		{EBED988D-20C9-4C62-A19C-25EF7D425431}.Release|x64.ActiveCfg = Release|x64
		{EBED988D-20C9-4C62-A19C-25EF7D425431}.Release|x64.Build.0 = Release|x64
		{EBED988D-20C9-4C62-A19C-25EF7D425431}.Release|x86.ActiveCfg = Release|Win32
		{EBED988D-20C9-4C62-A19C-25EF7D425431}.Release|x86.Build.0 = Release|Win32
		{EBED988D-20C9-4C62-A19C-25EF7D425431}.RelWithDebInfo|x64.ActiveCfg = Release|x64
		{EBED988D-20C9-4C62-A19C-25EF7D425431}.RelWithDebInfo|x64.Build.0 = Release|x64
		{EBED988D-20C9-4C62-A19C-25EF7D425431}.RelWithDebInfo|x86.ActiveCfg = Release|Win32
		{EBED988D-20C9-4C62-A19C-25EF7D425431}.RelWithDebInfo|x86.Build.0 = Release|Win32
		{E0B52AE7-E160-4D32-BF3F-910B785E5A8E}.Debug|x64.ActiveCfg = Debug|x64
		{E0B52AE7-E160-4D32-BF3F-910B785E5A8E}.Debug|x64.Build.0 = Debug|x64
		{E0B52AE7-E160-4D32-BF3F-910B785E5A8E}.Debug|x86.ActiveCfg = Debug|Win32
		{E0B52AE7-E160-4D32-BF3F-910B785E5A8E}.Debug|x86.Build.0 = Debug|Win32
		{E0B52AE7-E160-4D32-BF3F-910B785E5A8E}.MinSizeRel|x64.ActiveCfg = Release|x64
		{E0B52AE7-E160-4D32-BF3F-910B785E5A8E}.MinSizeRel|x64.Build.0 = Release|x64
		{E0B52AE7-E160-4D32-BF3F-910B785E5A8E}.MinSizeRel|x86.ActiveCfg = Release|Win32
		{E0B52AE7-E160-4D32-BF3F-910B785E5A8E}.MinSizeRel|x86.Build.0 = Release|Win32
		{E0B52AE7-E160-4D32-BF3F-910B785E5A8E}.Release|x64.ActiveCfg = Release|x64
		{E0B52AE7-E160-4D32-BF3F-910B785E5A8E}.Release|x64.Build.0 = Release|x64
		{E0B52AE7-E160-4D32-BF3F-910B785E5A8E}.Release|x86.ActiveCfg = Release|Win32
		{E0B52AE7-E160-4D32-BF3F-910B785E5A8E}.Release|x86.Build.0 = Release|Win32
		{E0B52AE7-E160-4D32-BF3F-910B785E5A8E}.RelWithDebInfo|x64.ActiveCfg = Release|x64
		{E0B52AE7-E160-4D32-BF3F-910B785E5A8E}.RelWithDebInfo|x64.Build.0 = Release|x64
		{E0B52AE7-E160-4D32-BF3F-910B785E5A8E}.RelWithDebInfo|x86.ActiveCfg = Release|Win32
		{E0B52AE7-E160-4D32-BF3F-910B785E5A8E}.RelWithDebInfo|x86.Build.0 = Release|Win32
		{06E6ABDE-CF57-4616-A611-454834E8C04A}.Debug|x64.ActiveCfg = Debug|x64
		{06E6ABDE-CF57-4616-A611-454834E8C04A}.Debug|x64.Build.0 = Debug|x64
		{06E6ABDE-CF57-4616-A611-454834E8C04A}.Debug|x86.ActiveCfg = Debug|Win32
		{06E6ABDE-CF57-4616-A611-454834E8C04A}.Debug|x86.Build.0 = Debug|Win32
		{06E6ABDE-CF57-4616-A611-454834E8C04A}.MinSizeRel|x64.ActiveCfg = Release|x64
		{06E6ABDE-CF57-4616-A611-454834E8C04A}.MinSizeRel|x64.Build.0 = Release|x64
		{06E6ABDE-CF57-4616-A611-454834E8C04A}.MinSizeRel|x86.ActiveCfg = Release|Win32
		{06E6ABDE-CF57-4616-A611-454834E8C04A}.MinSizeRel|x86.Build.0 = Release|Win32
		{06E6ABDE-CF57-4616-A611-454834E8C04A}.Release|x64.ActiveCfg = Release|x64
		{06E6ABDE-CF57-4616-A611-454834E8C04A}.Release|x64.Build.0 = Release|x64
		{06E6ABDE-CF57-4616-A611-454834E8C04A}.Release|x86.ActiveCfg = Release|Win32
		{06E6ABDE-CF57-4616-A611-454834E8C04A}.Release|x86.Build.0 = Release|Win32
		{06E6ABDE-CF57-4616-A611-454834E8C04A}.RelWithDebInfo|x64.ActiveCfg = Release|x64
		{06E6ABDE-CF57-4616-A611-454834E8C04A}.RelWithDebInfo|x64.Build.0 = Release|x64
		{06E6ABDE-CF57-4616-A611-454834E8C04A}.RelWithDebInfo|x86.ActiveCfg = Release|Win32
		{06E6ABDE-CF57-4616-A611-454834E8C04A}.RelWithDebInfo|x86.Build.0 = Release|Win32
		{02DC0CE5-72DF-4F89-8AF2-FF9C0E351A1A}.Debug|x64.ActiveCfg = Debug|x64
		{02DC0CE5-72DF-4F89-8AF2-FF9C0E351A1A}.Debug|x64.Build.0 = Debug|x64
		{02DC0CE5-72DF-4F89-8AF2-FF9C0E351A1A}.Debug|x86.ActiveCfg = Debug|Win32
		{02DC0CE5-72DF-4F89-8AF2-FF9C0E351A1A}.Debug|x86.Build.0 = Debug|Win32
		{02DC0CE5-72DF-4F89-8AF2-FF9C0E351A1A}.MinSizeRel|x64.ActiveCfg = Release|x64
		{02DC0CE5-72DF-4F89-8AF2-FF9C0E351A1A}.MinSizeRel|x64.Build.0 = Release|x64
		{02DC0CE5-72DF-4F89-8AF2-FF9C0E351A1A}.MinSizeRel|x86.ActiveCfg = Release|Win32
		{02DC0CE5-72DF-4F89-8AF2-FF9C0E351A1A}.MinSizeRel|x86.Build.0 = Release|Win32
		{02DC0CE5-72DF-4F89-8AF2-FF9C0E351A1A}.Release|x64.ActiveCfg = Release|x64
		{02DC0CE5-72DF-4F89-8AF2-FF9C0E351A1A}.Release|x64.Build.0 = Release|x64
		{02DC0CE5-72DF-4F89-8AF2-FF9C0E351A1A}.Release|x86.ActiveCfg = Release|Win32
		{02DC0CE5-72DF-4F89-8AF2-FF9C0E351A1A}.Release|x86.Build.0 = Release|Win32
		{02DC0CE5-72DF-4F89-8AF2-FF9C0E351A1A}.RelWithDebInfo|x64.ActiveCfg = Release|x64
		{02DC0CE5-72DF-4F89-8AF2-FF9C0E351A1A}.RelWithDebInfo|x64.Build.0 = Release|x64
		{02DC0CE5-72DF-4F89-8AF2-FF9C0E351A1A}.RelWithDebInfo|x86.ActiveCfg = Release|Win32
		{02DC0CE5-72DF-4F89-8AF2-FF9C0E351A1A}.RelWithDebInfo|x86.Build.0 = Release|Win32
		{CDA47632-A0C5-47AF-8839-8191A6B2105E}.Debug|x64.ActiveCfg = Debug|x64
		{CDA47632-A0C5-47AF-8839-8191A6B2105E}.Debug|x64.Build.0 = Debug|x64
		{CDA47632-A0C5-47AF-8839-8191A6B2105E}.Debug|x86.ActiveCfg = Debug|Win32
		{CDA47632-A0C5-47AF-8839-8191A6B2105E}.Debug|x86.Build.0 = Debug|Win32
		{CDA47632-A0C5-47AF-8839-8191A6B2105E}.MinSizeRel|x64.ActiveCfg = Release|x64
		{CDA47632-A0C5-47AF-8839-8191A6B2105E}.MinSizeRel|x64.Build.0 = Release|x64
		{CDA47632-A0C5-47AF-8839-8191A6B2105E}.MinSizeRel|x86.ActiveCfg = Release|Win32
		{CDA47632-A0C5-47AF-8839-8191A6B2105E}.MinSizeRel|x86.Build.0 = Release|Win32
		{CDA47632-A0C5-47AF-8839-8191A6B2105E}.Release|x64.ActiveCfg = Release|x64
		{CDA47632-A0C5-47AF-8839-8191A6B2105E}.Release|x64.Build.0 = Release|x64
		{CDA47632-A0C5-47AF-8839-8191A6B2105E}.Release|x86.ActiveCfg = Release|Win32
		{CDA47632-A0C5-47AF-8839-8191A6B2105E}.Release|x86.Build.0 = Release|Win32
		{CDA47632-A0C5-47AF-8839-8191A6B2105E}.RelWithDebInfo|x64.ActiveCfg = Release|x64
		{CDA47632-A0C5-47AF-8839-8191A6B2105E}.RelWithDebInfo|x64.Build.0 = Release|x64
		{CDA47632-A0C5-47AF-8839-8191A6B2105E}.RelWithDebInfo|x86.ActiveCfg = Release|Win32
		{CDA47632-A0C5-47AF-8839-8191A6B2105E}.RelWithDebInfo|x86.Build.0 = Release|Win32
		{6EFD7FB0-4EBF-4570-85B8-ABA270365C47}.Debug|x64.ActiveCfg = Debug|x64
		{6EFD7FB0-4EBF-4570-85B8-ABA270365C47}.Debug|x64.Build.0 = Debug|x64
		{6EFD7FB0-4EBF-4570-85B8-ABA270365C47}.Debug|x86.ActiveCfg = Debug|Win32
		{6EFD7FB0-4EBF-4570-85B8-ABA270365C47}.Debug|x86.Build.0 = Debug|Win32
		{6EFD7FB0-4EBF-4570-85B8-ABA270365C47}.MinSizeRel|x64.ActiveCfg = Release|x64
		{6EFD7FB0-4EBF-4570-85B8-ABA270365C47}.MinSizeRel|x64.Build.0 = Release|x64
		{6EFD7FB0-4EBF-4570-85B8-ABA270365C47}.MinSizeRel|x86.ActiveCfg = Release|Win32
		{6EFD7FB0-4EBF-4570-85B8-ABA270365C47}.MinSizeRel|x86.Build.0 = Release|Win32
		{6EFD7FB0-4EBF-4570-85B8-ABA270365C47}.Release|x64.ActiveCfg = Release|x64
		{6EFD7FB0-4EBF-4570-85B8-ABA270365C47}.Release|x64.Build.0 = Release|x64
		{6EFD7FB0-4EBF-4570-85B8-ABA270365C47}.Release|x86.ActiveCfg = Release|Win32
		{6EFD7FB0-4EBF-4570-85B8-ABA270365C47}.Release|x86.Build.0 = Release|Win32
		{6EFD7FB0-4EBF-4570-85B8-ABA270365C47}.RelWithDebInfo|x64.ActiveCfg = Release|x64
		{6EFD7FB0-4EBF-4570-85B8-ABA270365C47}.RelWithDebInfo|x64.Build.0 = Release|x64
		{6EFD7FB0-4EBF-4570-85B8-ABA270365C47}.RelWithDebInfo|x86.ActiveCfg = Release|Win32
		{6EFD7FB0-4EBF-4570-85B8-ABA270365C47}.RelWithDebInfo|x86.Build.0 = Release|Win32
		{464D5F6E-2CE0-4664-8A84-70F54725E22B}.Debug|x64.ActiveCfg = Debug|x64
		{464D5F6E-2CE0-4664-8A84-70F54725E22B}.Debug|x64.Build.0 = Debug|x64
		{464D5F6E-2CE0-4664-8A84-70F54725E22B}.Debug|x86.ActiveCfg = Debug|Win32
		{464D5F6E-2CE0-4664-8A84-70F54725E22B}.Debug|x86.Build.0 = Debug|Win32
		{464D5F6E-2CE0-4664-8A84-70F54725E22B}.MinSizeRel|x64.ActiveCfg = Release|x64
		{464D5F6E-2CE0-4664-8A84-70F54725E22B}.MinSizeRel|x64.Build.0 = Release|x64
		{464D5F6E-2CE0-4664-8A84-70F54725E22B}.MinSizeRel|x86.ActiveCfg = Release|Win32
		{464D5F6E-2CE0-4664-8A84-70F54725E22B}.MinSizeRel|x86.Build.0 = Release|Win32
		{464D5F6E-2CE0-4664-8A84-70F54725E22B}.Release|x64.ActiveCfg = Release|x64
		{464D5F6E-2CE0-4664-8A84-70F54725E22B}.Release|x64.Build.0 = Release|x64
		{464D5F6E-2CE0-4664-8A84-70F54725E22B}.Release|x86.ActiveCfg = Release|Win32
		{464D5F6E-2CE0-4664-8A84-70F54725E22B}.Release|x86.Build.0 = Release|Win32
		{464D5F6E-2CE0-4664-8A84-70F54725E22B}.RelWithDebInfo|x64.ActiveCfg = Release|x64
		{464D5F6E-2CE0-4664-8A84-70F54725E22B}.RelWithDebInfo|x64.Build.0 = Release|x64
		{464D5F6E-2CE0-4664-8A84-70F54725E22B}.RelWithDebInfo|x86.ActiveCfg = Release|Win32
		{464D5F6E-2CE0-4664-8A84-70F54725E22B}.RelWithDebInfo|x86.Build.0 = Release|Win32
		{78303C56-896B-4853-8BC2-C45D7FF793D3}.Debug|x64.ActiveCfg = Debug|x64
		{78303C56-896B-4853-8BC2-C45D7FF793D3}.Debug|x64.Build.0 = Debug|x64
		{78303C56-896B-4853-8BC2-C45D7FF793D3}.Debug|x86.ActiveCfg = Debug|Win32
		{78303C56-896B-4853-8BC2-C45D7FF793D3}.Debug|x86.Build.0 = Debug|Win32
		{78303C56-896B-4853-8BC2-C45D7FF793D3}.MinSizeRel|x64.ActiveCfg = Release|x64
		{78303C56-896B-4853-8BC2-C45D7FF793D3}.MinSizeRel|x64.Build.0 = Release|x64
		{78303C56-896B-4853-8BC2-C45D7FF793D3}.MinSizeRel|x86.ActiveCfg = Release|Win32
		{78303C56-896B-4853-8BC2-C45D7FF793D3}.MinSizeRel|x86.Build.0 = Release|Win32
		{78303C56-896B-4853-8BC2-C45D7FF793D3}.Release|x64.ActiveCfg = Release|x64
		{78303C56-896B-4853-8BC2-C45D7FF793D3}.Release|x64.Build.0 = Release|x64
		{78303C56-896B-4853-8BC2-C45D7FF793D3}.Release|x86.ActiveCfg = Release|Win32
		{78303C56-896B-4853-8BC2-C45D7FF793D3}.Release|x86.Build.0 = Release|Win32
		{78303C56-896B-4853-8BC2-C45D7FF793D3}.RelWithDebInfo|x64.ActiveCfg = Release|x64
		{78303C56-896B-4853-8BC2-C45D7FF793D3}.RelWithDebInfo|x64.Build.0 = Release|x64
		{78303C56-896B-4853-8BC2-C45D7FF793D3}.RelWithDebInfo|x86.ActiveCfg = Release|Win32
		{78303C56-896B-4853-8BC2-C45D7FF793D3}.RelWithDebInfo|x86.Build.0 = Release|Win32
		{8DE518EE-56C4-4B9F-8546-14C3D5F54E45}.Debug|x64.ActiveCfg = Debug|x64
		{8DE518EE-56C4-4B9F-8546-14C3D5F54E45}.Debug|x64.Build.0 = Debug|x64
		{8DE518EE-56C4-4B9F-8546-14C3D5F54E45}.Debug|x86.ActiveCfg = Debug|Win32
		{8DE518EE-56C4-4B9F-8546-14C3D5F54E45}.Debug|x86.Build.0 = Debug|Win32
		{8DE518EE-56C4-4B9F-8546-14C3D5F54E45}.MinSizeRel|x64.ActiveCfg = Release|x64
		{8DE518EE-56C4-4B9F-8546-14C3D5F54E45}.MinSizeRel|x64.Build.0 = Release|x64
		{8DE518EE-56C4-4B9F-8546-14C3D5F54E45}.MinSizeRel|x86.ActiveCfg = Release|Win32
		{8DE518EE-56C4-4B9F-8546-14C3D5F54E45}.MinSizeRel|x86.Build.0 = Release|Win32
		{8DE518EE-56C4-4B9F-8546-14C3D5F54E45}.Release|x64.ActiveCfg = Release|x64
		{8DE518EE-56C4-4B9F-8546-14C3D5F54E45}.Release|x64.Build.0 = Release|x64
		{8DE518EE-56C4-4B9F-8546-14C3D5F54E45}.Release|x86.ActiveCfg = Release|Win32
		{8DE518EE-56C4-4B9F-8546-14C3D5F54E45}.Release|x86.Build.0 = Release|Win32
		{8DE518EE-56C4-4B9F-8546-14C3D5F54E45}.RelWithDebInfo|x64.ActiveCfg = Release|x64
		{8DE518EE-56C4-4B9F-8546-14C3D5F54E45}.RelWithDebInfo|x64.Build.0 = Release|x64
		{8DE518EE-56C4-4B9F-8546-14C3D5F54E45}.RelWithDebInfo|x86.ActiveCfg = Release|Win32
		{8DE518EE-56C4-4B9F-8546-14C3D5F54E45}.RelWithDebInfo|x86.Build.0 = Release|Win32
		{DAA08175-4D9C-4022-A424-776319EF2458}.Debug|x64.ActiveCfg = Debug|x64
		{DAA08175-4D9C-4022-A424-776319EF2458}.Debug|x64.Build.0 = Debug|x64
		{DAA08175-4D9C-4022-A424-776319EF2458}.Debug|x86.ActiveCfg = Debug|Win32
		{DAA08175-4D9C-4022-A424-776319EF2458}.Debug|x86.Build.0 = Debug|Win32
		{DAA08175-4D9C-4022-A424-776319EF2458}.MinSizeRel|x64.ActiveCfg = Release|x64
		{DAA08175-4D9C-4022-A424-776319EF2458}.MinSizeRel|x64.Build.0 = Release|x64
		{DAA08175-4D9C-4022-A424-776319EF2458}.MinSizeRel|x86.ActiveCfg = Release|Win32
		{DAA08175-4D9C-4022-A424-776319EF2458}.MinSizeRel|x86.Build.0 = Release|Win32
		{DAA08175-4D9C-4022-A424-776319EF2458}.Release|x64.ActiveCfg = Release|x64
		{DAA08175-4D9C-4022-A424-776319EF2458}.Release|x64.Build.0 = Release|x64
		{DAA08175-4D9C-4022-A424-776319EF2458}.Release|x86.ActiveCfg = Release|Win32
		{DAA08175-4D9C-4022-A424-776319EF2458}.Release|x86.Build.0 = Release|Win32
		{DAA08175-4D9C-4022-A424-776319EF2458}.RelWithDebInfo|x64.ActiveCfg = Release|x64
		{DAA08175-4D9C-4022-A424-776319EF2458}.RelWithDebInfo|x64.Build.0 = Release|x64
		{DAA08175-4D9C-4022-A424-776319EF2458}.RelWithDebInfo|x86.ActiveCfg = Release|Win32
		{DAA08175-4D9C-4022-A424-776319EF2458}.RelWithDebInfo|x86.Build.0 = Release|Win32
		{52DF0404-3BA5-42CB-8432-5684BD54E6D0}.Debug|x64.ActiveCfg = Debug|x64
		{52DF0404-3BA5-42CB-8432-5684BD54E6D0}.Debug|x64.Build.0 = Debug|x64
		{52DF0404-3BA5-42CB-8432-5684BD54E6D0}.Debug|x86.ActiveCfg = Debug|Win32
		{52DF0404-3BA5-42CB-8432-5684BD54E6D0}.Debug|x86.Build.0 = Debug|Win32
		{52DF0404-3BA5-42CB-8432-5684BD54E6D0}.MinSizeRel|x64.ActiveCfg = Release|x64
		{52DF0404-3BA5-42CB-8432-5684BD54E6D0}.MinSizeRel|x64.Build.0 = Release|x64
		{52DF0404-3BA5-42CB-8432-5684BD54E6D0}.MinSizeRel|x86.ActiveCfg = Release|Win32
		{52DF0404-3BA5-42CB-8432-5684BD54E6D0}.MinSizeRel|x86.Build.0 = Release|Win32
		{52DF0404-3BA5-42CB-8432-5684BD54E6D0}.Release|x64.ActiveCfg = Release|x64
		{52DF0404-3BA5-42CB-8432-5684BD54E6D0}.Release|x64.Build.0 = Release|x64
		{52DF0404-3BA5-42CB-8432-5684BD54E6D0}.Release|x86.ActiveCfg = Release|Win32
		{52DF0404-3BA5-42CB-8432-5684BD54E6D0}.Release|x86.Build.0 = Release|Win32
		{52DF0404-3BA5-42CB-8432-5684BD54E6D0}.RelWithDebInfo|x64.ActiveCfg = Release|x64
		{52DF0404-3BA5-42CB-8432-5684BD54E6D0}.RelWithDebInfo|x64.Build.0 = Release|x64
		{52DF0404-3BA5-42CB-8432-5684BD54E6D0}.RelWithDebInfo|x86.ActiveCfg = Release|Win32
		{52DF0404-3BA5-42CB-8432-5684BD54E6D0}.RelWithDebInfo|x86.Build.0 = Release|Win32
		{D7DCC971-B132-44A6-A6A0-86B8C5640F17}.Debug|x64.ActiveCfg = Debug|x64
		{D7DCC971-B132-44A6-A6A0-86B8C5640F17}.Debug|x64.Build.0 = Debug|x64
		{D7DCC971-B132-44A6-A6A0-86B8C5640F17}.Debug|x86.ActiveCfg = Debug|Win32
		{D7DCC971-B132-44A6-A6A0-86B8C5640F17}.Debug|x86.Build.0 = Debug|Win32
		{D7DCC971-B132-44A6-A6A0-86B8C5640F17}.MinSizeRel|x64.ActiveCfg = Release|x64
		{D7DCC971-B132-44A6-A6A0-86B8C5640F17}.MinSizeRel|x64.Build.0 = Release|x64
		{D7DCC971-B132-44A6-A6A0-86B8C5640F17}.MinSizeRel|x86.ActiveCfg = Release|Win32
		{D7DCC971-B132-44A6-A6A0-86B8C5640F17}.MinSizeRel|x86.Build.0 = Release|Win32
		{D7DCC971-B132-44A6-A6A0-86B8C5640F17}.Release|x64.ActiveCfg = Release|x64
		{D7DCC971-B132-44A6-A6A0-86B8C5640F17}.Release|x64.Build.0 = Release|x64
		{D7DCC971-B132-44A6-A6A0-86B8C5640F17}.Release|x86.ActiveCfg = Release|Win32
		{D7DCC971-B132-44A6-A6A0-86B8C5640F17}.Release|x86.Build.0 = Release|Win32
		{D7DCC971-B132-44A6-A6A0-86B8C5640F17}.RelWithDebInfo|x64.ActiveCfg = Release|x64
		{D7DCC971-B132-44A6-A6A0-86B8C5640F17}.RelWithDebInfo|x64.Build.0 = Release|x64
		{D7DCC971-B132-44A6-A6A0-86B8C5640F17}.RelWithDebInfo|x86.ActiveCfg = Release|Win32
		{D7DCC971-B132-44A6-A6A0-86B8C5640F17}.RelWithDebInfo|x86.Build.0 = Release|Win32
		{ED845C21-24C1-4226-A6A2-3CF523338C1D}.Debug|x64.ActiveCfg = Debug|x64
		{ED845C21-24C1-4226-A6A2-3CF523338C1D}.Debug|x64.Build.0 = Debug|x64
		{ED845C21-24C1-4226-A6A2-3CF523338C1D}.Debug|x86.ActiveCfg = Debug|Win32
		{ED845C21-24C1-4226-A6A2-3CF523338C1D}.Debug|x86.Build.0 = Debug|Win32
		{ED845C21-24C1-4226-A6A2-3CF523338C1D}.MinSizeRel|x64.ActiveCfg = Release|x64
		{ED845C21-24C1-4226-A6A2-3CF523338C1D}.MinSizeRel|x64.Build.0 = Release|x64
		{ED845C21-24C1-4226-A6A2-3CF523338C1D}.MinSizeRel|x86.ActiveCfg = Release|Win32
		{ED845C21-24C1-4226-A6A2-3CF523338C1D}.MinSizeRel|x86.Build.0 = Release|Win32
		{ED845C21-24C1-4226-A6A2-3CF523338C1D}.Release|x64.ActiveCfg = Release|x64
		{ED845C21-24C1-4226-A6A2-3CF523338C1D}.Release|x64.Build.0 = Release|x64
		{ED845C21-24C1-4226-A6A2-3CF523338C1D}.Release|x86.ActiveCfg = Release|Win32
		{ED845C21-24C1-4226-A6A2-3CF523338C1D}.Release|x86.Build.0 = Release|Win32
		{ED845C21-24C1-4226-A6A2-3CF523338C1D}.RelWithDebInfo|x64.ActiveCfg = Release|x64
		{ED845C21-24C1-4226-A6A2-3CF523338C1D}.RelWithDebInfo|x64.Build.0 = Release|x64
		{ED845C21-24C1-4226-A6A2-3CF523338C1D}.RelWithDebInfo|x86.ActiveCfg = Release|Win32
		{ED845C21-24C1-4226-A6A2-3CF523338C1D}.RelWithDebInfo|x86.Build.0 = Release|Win32
		{0D025616-84EE-41BC-9DB0-30D9F91498D2}.Debug|x64.ActiveCfg = Debug|x64
		{0D025616-84EE-41BC-9DB0-30D9F91498D2}.Debug|x64.Build.0 = Debug|x64
		{0D025616-84EE-41BC-9DB0-30D9F91498D2}.Debug|x86.ActiveCfg = Debug|Win32
		{0D025616-84EE-41BC-9DB0-30D9F91498D2}.Debug|x86.Build.0 = Debug|Win32
		{0D025616-84EE-41BC-9DB0-30D9F91498D2}.MinSizeRel|x64.ActiveCfg = Release|x64
		{0D025616-84EE-41BC-9DB0-30D9F91498D2}.MinSizeRel|x64.Build.0 = Release|x64
		{0D025616-84EE-41BC-9DB0-30D9F91498D2}.MinSizeRel|x86.ActiveCfg = Release|Win32
		{0D025616-84EE-41BC-9DB0-30D9F91498D2}.MinSizeRel|x86.Build.0 = Release|Win32
		{0D025616-84EE-41BC-9DB0-30D9F91498D2}.Release|x64.ActiveCfg = Release|x64
		{0D025616-84EE-41BC-9DB0-30D9F91498D2}.Release|x64.Build.0 = Release|x64
		{0D025616-84EE-41BC-9DB0-30D9F91498D2}.Release|x86.ActiveCfg = Release|Win32
		{0D025616-84EE-41BC-9DB0-30D9F91498D2}.Release|x86.Build.0 = Release|Win32
		{0D025616-84EE-41BC-9DB0-30D9F91498D2}.RelWithDebInfo|x64.ActiveCfg = Release|x64
		{0D025616-84EE-41BC-9DB0-30D9F91498D2}.RelWithDebInfo|x64.Build.0 = Release|x64
		{0D025616-84EE-41BC-9DB0-30D9F91498D2}.RelWithDebInfo|x86.ActiveCfg = Release|Win32
		{0D025616-84EE-41BC-9DB0-30D9F91498D2}.RelWithDebInfo|x86.Build.0 = Release|Win32
		{9D0DE007-45D1-4D13-BF7C-B7752C94329B}.Debug|x64.ActiveCfg = Debug|x64
		{9D0DE007-45D1-4D13-BF7C-B7752C94329B}.Debug|x64.Build.0 = Debug|x64
		{9D0DE007-45D1-4D13-BF7C-B7752C94329B}.Debug|x86.ActiveCfg = Debug|Win32
		{9D0DE007-45D1-4D13-BF7C-B7752C94329B}.Debug|x86.Build.0 = Debug|Win32
		{9D0DE007-45D1-4D13-BF7C-B7752C94329B}.MinSizeRel|x64.ActiveCfg = Release|x64
		{9D0DE007-45D1-4D13-BF7C-B7752C94329B}.MinSizeRel|x64.Build.0 = Release|x64
		{9D0DE007-45D1-4D13-BF7C-B7752C94329B}.MinSizeRel|x86.ActiveCfg = Release|Win32
		{9D0DE007-45D1-4D13-BF7C-B7752C94329B}.MinSizeRel|x86.Build.0 = Release|Win32
		{9D0DE007-45D1-4D13-BF7C-B7752C94329B}.Release|x64.ActiveCfg = Release|x64
		{9D0DE007-45D1-4D13-BF7C-B7752C94329B}.Release|x64.Build.0 = Release|x64
		{9D0DE007-45D1-4D13-BF7C-B7752C94329B}.Release|x86.ActiveCfg = Release|Win32
		{9D0DE007-45D1-4D13-BF7C-B7752C94329B}.Release|x86.Build.0 = Release|Win32
		{9D0DE007-45D1-4D13-BF7C-B7752C94329B}.RelWithDebInfo|x64.ActiveCfg = Release|x64
		{9D0DE007-45D1-4D13-BF7C-B7752C94329B}.RelWithDebInfo|x64.Build.0 = Release|x64
		{9D0DE007-45D1-4D13-BF7C-B7752C94329B}.RelWithDebInfo|x86.ActiveCfg = Release|Win32
		{9D0DE007-45D1-4D13-BF7C-B7752C94329B}.RelWithDebInfo|x86.Build.0 = Release|Win32
		{09E4523B-767B-454C-BE07-96EA212ADA7D}.Debug|x64.ActiveCfg = Debug|x64
		{09E4523B-767B-454C-BE07-96EA212ADA7D}.Debug|x64.Build.0 = Debug|x64
		{09E4523B-767B-454C-BE07-96EA212ADA7D}.Debug|x86.ActiveCfg = Debug|Win32
		{09E4523B-767B-454C-BE07-96EA212ADA7D}.Debug|x86.Build.0 = Debug|Win32
		{09E4523B-767B-454C-BE07-96EA212ADA7D}.MinSizeRel|x64.ActiveCfg = Release|x64
		{09E4523B-767B-454C-BE07-96EA212ADA7D}.MinSizeRel|x64.Build.0 = Release|x64
		{09E4523B-767B-454C-BE07-96EA212ADA7D}.MinSizeRel|x86.ActiveCfg = Release|Win32
		{09E4523B-767B-454C-BE07-96EA212ADA7D}.MinSizeRel|x86.Build.0 = Release|Win32
		{09E4523B-767B-454C-BE07-96EA212ADA7D}.Release|x64.ActiveCfg = Release|x64
		{09E4523B-767B-454C-BE07-96EA212ADA7D}.Release|x64.Build.0 = Release|x64
		{09E4523B-767B-454C-BE07-96EA212ADA7D}.Release|x86.ActiveCfg = Release|Win32
		{09E4523B-767B-454C-BE07-96EA212ADA7D}.Release|x86.Build.0 = Release|Win32
		{09E4523B-767B-454C-BE07-96EA212ADA7D}.RelWithDebInfo|x64.ActiveCfg = Release|x64
		{09E4523B-767B-454C-BE07-96EA212ADA7D}.RelWithDebInfo|x64.Build.0 = Release|x64
		{09E4523B-767B-454C-BE07-96EA212ADA7D}.RelWithDebInfo|x86.ActiveCfg = Release|Win32
		{09E4523B-767B-454C-BE07-96EA212ADA7D}.RelWithDebInfo|x86.Build.0 = Release|Win32
		{9DE256EB-9199-4BCE-AF41-ED0BDF8021FF}.Debug|x64.ActiveCfg = Debug|x64
		{9DE256EB-9199-4BCE-AF41-ED0BDF8021FF}.Debug|x64.Build.0 = Debug|x64
		{9DE256EB-9199-4BCE-AF41-ED0BDF8021FF}.Debug|x86.ActiveCfg = Debug|Win32
		{9DE256EB-9199-4BCE-AF41-ED0BDF8021FF}.Debug|x86.Build.0 = Debug|Win32
		{9DE256EB-9199-4BCE-AF41-ED0BDF8021FF}.MinSizeRel|x64.ActiveCfg = Release|x64
		{9DE256EB-9199-4BCE-AF41-ED0BDF8021FF}.MinSizeRel|x64.Build.0 = Release|x64
		{9DE256EB-9199-4BCE-AF41-ED0BDF8021FF}.MinSizeRel|x86.ActiveCfg = Release|Win32
		{9DE256EB-9199-4BCE-AF41-ED0BDF8021FF}.MinSizeRel|x86.Build.0 = Release|Win32
		{9DE256EB-9199-4BCE-AF41-ED0BDF8021FF}.Release|x64.ActiveCfg = Release|x64
		{9DE256EB-9199-4BCE-AF41-ED0BDF8021FF}.Release|x64.Build.0 = Release|x64
		{9DE256EB-9199-4BCE-AF41-ED0BDF8021FF}.Release|x86.ActiveCfg = Release|Win32
		{9DE256EB-9199-4BCE-AF41-ED0BDF8021FF}.Release|x86.Build.0 = Release|Win32
		{9DE256EB-9199-4BCE-AF41-ED0BDF8021FF}.RelWithDebInfo|x64.ActiveCfg = Release|x64
		{9DE256EB-9199-4BCE-AF41-ED0BDF8021FF}.RelWithDebInfo|x64.Build.0 = Release|x64
		{9DE256EB-9199-4BCE-AF41-ED0BDF8021FF}.RelWithDebInfo|x86.ActiveCfg = Release|Win32
		{9DE256EB-9199-4BCE-AF41-ED0BDF8021FF}.RelWithDebInfo|x86.Build.0 = Release|Win32
		{532D9138-B4AB-4041-AB7D-DEF96BD524A1}.Debug|x64.ActiveCfg = Debug|x64
		{532D9138-B4AB-4041-AB7D-DEF96BD524A1}.Debug|x64.Build.0 = Debug|x64
		{532D9138-B4AB-4041-AB7D-DEF96BD524A1}.Debug|x86.ActiveCfg = Debug|Win32
		{532D9138-B4AB-4041-AB7D-DEF96BD524A1}.Debug|x86.Build.0 = Debug|Win32
		{532D9138-B4AB-4041-AB7D-DEF96BD524A1}.MinSizeRel|x64.ActiveCfg = Release|x64
		{532D9138-B4AB-4041-AB7D-DEF96BD524A1}.MinSizeRel|x64.Build.0 = Release|x64
		{532D9138-B4AB-4041-AB7D-DEF96BD524A1}.MinSizeRel|x86.ActiveCfg = Release|Win32
		{532D9138-B4AB-4041-AB7D-DEF96BD524A1}.MinSizeRel|x86.Build.0 = Release|Win32
		{532D9138-B4AB-4041-AB7D-DEF96BD524A1}.Release|x64.ActiveCfg = Release|x64
		{532D9138-B4AB-4041-AB7D-DEF96BD524A1}.Release|x64.Build.0 = Release|x64
		{532D9138-B4AB-4041-AB7D-DEF96BD524A1}.Release|x86.ActiveCfg = Release|Win32
		{532D9138-B4AB-4041-AB7D-DEF96BD524A1}.Release|x86.Build.0 = Release|Win32
		{532D9138-B4AB-4041-AB7D-DEF96BD524A1}.RelWithDebInfo|x64.ActiveCfg = Release|x64
		{532D9138-B4AB-4041-AB7D-DEF96BD524A1}.RelWithDebInfo|x64.Build.0 = Release|x64
		{532D9138-B4AB-4041-AB7D-DEF96BD524A1}.RelWithDebInfo|x86.ActiveCfg = Release|Win32
		{532D9138-B4AB-4041-AB7D-DEF96BD524A1}.RelWithDebInfo|x86.Build.0 = Release|Win32
		{6E4149ED-A502-46D4-ABFA-1BA1BCAC25BE}.Debug|x64.ActiveCfg = Debug|x64
		{6E4149ED-A502-46D4-ABFA-1BA1BCAC25BE}.Debug|x64.Build.0 = Debug|x64
		{6E4149ED-A502-46D4-ABFA-1BA1BCAC25BE}.Debug|x86.ActiveCfg = Debug|Win32
		{6E4149ED-A502-46D4-ABFA-1BA1BCAC25BE}.Debug|x86.Build.0 = Debug|Win32
		{6E4149ED-A502-46D4-ABFA-1BA1BCAC25BE}.MinSizeRel|x64.ActiveCfg = Release|x64
		{6E4149ED-A502-46D4-ABFA-1BA1BCAC25BE}.MinSizeRel|x64.Build.0 = Release|x64
		{6E4149ED-A502-46D4-ABFA-1BA1BCAC25BE}.MinSizeRel|x86.ActiveCfg = Release|Win32
		{6E4149ED-A502-46D4-ABFA-1BA1BCAC25BE}.MinSizeRel|x86.Build.0 = Release|Win32
		{6E4149ED-A502-46D4-ABFA-1BA1BCAC25BE}.Release|x64.ActiveCfg = Release|x64
		{6E4149ED-A502-46D4-ABFA-1BA1BCAC25BE}.Release|x64.Build.0 = Release|x64
		{6E4149ED-A502-46D4-ABFA-1BA1BCAC25BE}.Release|x86.ActiveCfg = Release|Win32
		{6E4149ED-A502-46D4-ABFA-1BA1BCAC25BE}.Release|x86.Build.0 = Release|Win32
		{6E4149ED-A502-46D4-ABFA-1BA1BCAC25BE}.RelWithDebInfo|x64.ActiveCfg = Release|x64
		{6E4149ED-A502-46D4-ABFA-1BA1BCAC25BE}.RelWithDebInfo|x64.Build.0 = Release|x64
		{6E4149ED-A502-46D4-ABFA-1BA1BCAC25BE}.RelWithDebInfo|x86.ActiveCfg = Release|Win32
		{6E4149ED-A502-46D4-ABFA-1BA1BCAC25BE}.RelWithDebInfo|x86.Build.0 = Release|Win32
		{CA0BC289-41EF-4B17-BE94-1300C2B8D58F}.Debug|x64.ActiveCfg = Debug|x64
		{CA0BC289-41EF-4B17-BE94-1300C2B8D58F}.Debug|x64.Build.0 = Debug|x64
		{CA0BC289-41EF-4B17-BE94-1300C2B8D58F}.Debug|x86.ActiveCfg = Debug|Win32
		{CA0BC289-41EF-4B17-BE94-1300C2B8D58F}.Debug|x86.Build.0 = Debug|Win32
		{CA0BC289-41EF-4B17-BE94-1300C2B8D58F}.MinSizeRel|x64.ActiveCfg = Release|x64
		{CA0BC289-41EF-4B17-BE94-1300C2B8D58F}.MinSizeRel|x64.Build.0 = Release|x64
		{CA0BC289-41EF-4B17-BE94-1300C2B8D58F}.MinSizeRel|x86.ActiveCfg = Release|Win32
		{CA0BC289-41EF-4B17-BE94-1300C2B8D58F}.MinSizeRel|x86.Build.0 = Release|Win32
		{CA0BC289-41EF-4B17-BE94-1300C2B8D58F}.Release|x64.ActiveCfg = Release|x64
		{CA0BC289-41EF-4B17-BE94-1300C2B8D58F}.Release|x64.Build.0 = Release|x64
		{CA0BC289-41EF-4B17-BE94-1300C2B8D58F}.Release|x86.ActiveCfg = Release|Win32
		{CA0BC289-41EF-4B17-BE94-1300C2B8D58F}.Release|x86.Build.0 = Release|Win32
		{CA0BC289-41EF-4B17-BE94-1300C2B8D58F}.RelWithDebInfo|x64.ActiveCfg = Release|x64
		{CA0BC289-41EF-4B17-BE94-1300C2B8D58F}.RelWithDebInfo|x64.Build.0 = Release|x64
		{CA0BC289-41EF-4B17-BE94-1300C2B8D58F}.RelWithDebInfo|x86.ActiveCfg = Release|Win32
		{CA0BC289-41EF-4B17-BE94-1300C2B8D58F}.RelWithDebInfo|x86.Build.0 = Release|Win32
		{664E6F0D-6784-4760-9565-D54F8EB1EDF4}.Debug|x64.ActiveCfg = Debug|x64
		{664E6F0D-6784-4760-9565-D54F8EB1EDF4}.Debug|x64.Build.0 = Debug|x64
		{664E6F0D-6784-4760-9565-D54F8EB1EDF4}.Debug|x86.ActiveCfg = Debug|Win32
		{664E6F0D-6784-4760-9565-D54F8EB1EDF4}.Debug|x86.Build.0 = Debug|Win32
		{664E6F0D-6784-4760-9565-D54F8EB1EDF4}.MinSizeRel|x64.ActiveCfg = Release|x64
		{664E6F0D-6784-4760-9565-D54F8EB1EDF4}.MinSizeRel|x64.Build.0 = Release|x64
		{664E6F0D-6784-4760-9565-D54F8EB1EDF4}.MinSizeRel|x86.ActiveCfg = Release|Win32
		{664E6F0D-6784-4760-9565-D54F8EB1EDF4}.MinSizeRel|x86.Build.0 = Release|Win32
		{664E6F0D-6784-4760-9565-D54F8EB1EDF4}.Release|x64.ActiveCfg = Release|x64
		{664E6F0D-6784-4760-9565-D54F8EB1EDF4}.Release|x64.Build.0 = Release|x64
		{664E6F0D-6784-4760-9565-D54F8EB1EDF4}.Release|x86.ActiveCfg = Release|Win32
		{664E6F0D-6784-4760-9565-D54F8EB1EDF4}.Release|x86.Build.0 = Release|Win32
		{664E6F0D-6784-4760-9565-D54F8EB1EDF4}.RelWithDebInfo|x64.ActiveCfg = Release|x64
		{664E6F0D-6784-4760-9565-D54F8EB1EDF4}.RelWithDebInfo|x64.Build.0 = Release|x64
		{664E6F0D-6784-4760-9565-D54F8EB1EDF4}.RelWithDebInfo|x86.ActiveCfg = Release|Win32
		{664E6F0D-6784-4760-9565-D54F8EB1EDF4}.RelWithDebInfo|x86.Build.0 = Release|Win32
		{6DB48E72-FE6F-4403-BB34-F02568F37F36}.Debug|x64.ActiveCfg = Debug|x64
		{6DB48E72-FE6F-4403-BB34-F02568F37F36}.Debug|x64.Build.0 = Debug|x64
		{6DB48E72-FE6F-4403-BB34-F02568F37F36}.Debug|x86.ActiveCfg = Debug|Win32
		{6DB48E72-FE6F-4403-BB34-F02568F37F36}.Debug|x86.Build.0 = Debug|Win32
		{6DB48E72-FE6F-4403-BB34-F02568F37F36}.MinSizeRel|x64.ActiveCfg = Release|x64
		{6DB48E72-FE6F-4403-BB34-F02568F37F36}.MinSizeRel|x64.Build.0 = Release|x64
		{6DB48E72-FE6F-4403-BB34-F02568F37F36}.MinSizeRel|x86.ActiveCfg = Release|Win32
		{6DB48E72-FE6F-4403-BB34-F02568F37F36}.MinSizeRel|x86.Build.0 = Release|Win32
		{6DB48E72-FE6F-4403-BB34-F02568F37F36}.Release|x64.ActiveCfg = Release|x64
		{6DB48E72-FE6F-4403-BB34-F02568F37F36}.Release|x64.Build.0 = Release|x64
		{6DB48E72-FE6F-4403-BB34-F02568F37F36}.Release|x86.ActiveCfg = Release|Win32
		{6DB48E72-FE6F-4403-BB34-F02568F37F36}.Release|x86.Build.0 = Release|Win32
		{6DB48E72-FE6F-4403-BB34-F02568F37F36}.RelWithDebInfo|x64.ActiveCfg = Release|x64
		{6DB48E72-FE6F-4403-BB34-F02568F37F36}.RelWithDebInfo|x64.Build.0 = Release|x64
		{6DB48E72-FE6F-4403-BB34-F02568F37F36}.RelWithDebInfo|x86.ActiveCfg = Release|Win32
		{6DB48E72-FE6F-4403-BB34-F02568F37F36}.RelWithDebInfo|x86.Build.0 = Release|Win32
	EndGlobalSection
	GlobalSection(SolutionProperties) = preSolution
		HideSolutionNode = FALSE
	EndGlobalSection
	GlobalSection(NestedProjects) = preSolution
		{5BF63145-A348-4B75-8137-F3BC803343FD} = {8EF9DC7F-9D9E-4069-AA75-59D5F0AE07E5}
		{8683AF56-C8C7-4387-91B1-468616FFB20B} = {8EF9DC7F-9D9E-4069-AA75-59D5F0AE07E5}
		{CDDABE6D-2953-4CF3-98B9-EE49FF774F99} = {D5041A66-2726-44FB-98A5-AA067A5786D6}
		{C3204D71-84AC-46FA-8CBB-42ED98FA9E8C} = {586E07A6-2D9B-4332-A260-D110FFA2B503}
		{EBED988D-20C9-4C62-A19C-25EF7D425431} = {9B852B2F-139B-4C48-9F1D-76E03C623EE6}
		{E0B52AE7-E160-4D32-BF3F-910B785E5A8E} = {B4A67DDD-7DE8-4B2A-B5EB-C53BFE4D52A8}
		{06E6ABDE-CF57-4616-A611-454834E8C04A} = {8EF9DC7F-9D9E-4069-AA75-59D5F0AE07E5}
		{02DC0CE5-72DF-4F89-8AF2-FF9C0E351A1A} = {8EF9DC7F-9D9E-4069-AA75-59D5F0AE07E5}
		{CDA47632-A0C5-47AF-8839-8191A6B2105E} = {9B852B2F-139B-4C48-9F1D-76E03C623EE6}
		{6EFD7FB0-4EBF-4570-85B8-ABA270365C47} = {9B852B2F-139B-4C48-9F1D-76E03C623EE6}
		{7BEA6B8E-242B-46B4-8366-0A659EFAE1D1} = {151081E7-6860-49B2-904A-B1EFA6CCB4D5}
		{464D5F6E-2CE0-4664-8A84-70F54725E22B} = {9B852B2F-139B-4C48-9F1D-76E03C623EE6}
		{78303C56-896B-4853-8BC2-C45D7FF793D3} = {9B852B2F-139B-4C48-9F1D-76E03C623EE6}
		{8DE518EE-56C4-4B9F-8546-14C3D5F54E45} = {9B852B2F-139B-4C48-9F1D-76E03C623EE6}
		{DAA08175-4D9C-4022-A424-776319EF2458} = {9B852B2F-139B-4C48-9F1D-76E03C623EE6}
		{52DF0404-3BA5-42CB-8432-5684BD54E6D0} = {9B852B2F-139B-4C48-9F1D-76E03C623EE6}
		{D7DCC971-B132-44A6-A6A0-86B8C5640F17} = {8EF9DC7F-9D9E-4069-AA75-59D5F0AE07E5}
		{ED845C21-24C1-4226-A6A2-3CF523338C1D} = {CBC87F91-E468-482E-8B22-D8AAA1668ABB}
		{0D025616-84EE-41BC-9DB0-30D9F91498D2} = {CBC87F91-E468-482E-8B22-D8AAA1668ABB}
		{9D0DE007-45D1-4D13-BF7C-B7752C94329B} = {CBC87F91-E468-482E-8B22-D8AAA1668ABB}
		{09E4523B-767B-454C-BE07-96EA212ADA7D} = {CBC87F91-E468-482E-8B22-D8AAA1668ABB}
		{9DE256EB-9199-4BCE-AF41-ED0BDF8021FF} = {B4A67DDD-7DE8-4B2A-B5EB-C53BFE4D52A8}
		{532D9138-B4AB-4041-AB7D-DEF96BD524A1} = {F8400894-831D-4B54-8637-B23ED468BE24}
		{6E4149ED-A502-46D4-ABFA-1BA1BCAC25BE} = {F8400894-831D-4B54-8637-B23ED468BE24}
		{CA0BC289-41EF-4B17-BE94-1300C2B8D58F} = {CBC87F91-E468-482E-8B22-D8AAA1668ABB}
		{664E6F0D-6784-4760-9565-D54F8EB1EDF4} = {B4A67DDD-7DE8-4B2A-B5EB-C53BFE4D52A8}
		{6DB48E72-FE6F-4403-BB34-F02568F37F36} = {CBC87F91-E468-482E-8B22-D8AAA1668ABB}
	EndGlobalSection
	GlobalSection(ExtensibilityGlobals) = postSolution
		SolutionGuid = {CB10E374-558C-4E7E-ABF5-019F67E91FC8}
	EndGlobalSection
	GlobalSection(TeamFoundationVersionControl) = preSolution
		SccNumberOfProjects = 26
		SccEnterpriseProvider = {4CA58AB2-18FA-4F8D-95D4-32DDF27D184C}
		SccTeamFoundationServer = https://dev.azure.com/timjustin
		SccLocalPath0 = .
		SccProjectUniqueName1 = Framework\\Core\\Core.vcxproj
		SccProjectTopLevelParentUniqueName1 = Angazi.sln
		SccProjectName1 = Framework/Core
		SccLocalPath1 = Framework\\Core
		SccProjectUniqueName2 = Framework\\Math\\Math.vcxproj
		SccProjectTopLevelParentUniqueName2 = Angazi.sln
		SccProjectName2 = Framework/Math
		SccLocalPath2 = Framework\\Math
		SccProjectUniqueName3 = UnitTests\\MathTest\\MathTest.vcxproj
		SccProjectTopLevelParentUniqueName3 = Angazi.sln
		SccProjectName3 = UnitTests/MathTest
		SccLocalPath3 = UnitTests\\MathTest
		SccProjectUniqueName4 = Engine\\Angazi\\Angazi.vcxproj
		SccProjectTopLevelParentUniqueName4 = Angazi.sln
		SccProjectName4 = Engine/Angazi
		SccLocalPath4 = Engine\\Angazi
		SccProjectUniqueName5 = VGP242\\01_HelloWindow\\01_HelloWindow.vcxproj
		SccProjectTopLevelParentUniqueName5 = Angazi.sln
		SccProjectName5 = VGP242/01_HelloWindow
		SccLocalPath5 = VGP242\\01_HelloWindow
		SccProjectUniqueName6 = External\\DirectXTK\\DirectXTK_Desktop_2017.vcxproj
		SccProjectTopLevelParentUniqueName6 = Angazi.sln
		SccProjectName6 = External/DirectXTK
		SccLocalPath6 = External\\DirectXTK
		SccProjectUniqueName7 = Framework\\Graphics\\Graphics.vcxproj
		SccProjectTopLevelParentUniqueName7 = Angazi.sln
		SccProjectName7 = Framework/Graphics
		SccLocalPath7 = Framework\\Graphics
		SccProjectUniqueName8 = Framework\\Input\\Input.vcxproj
		SccProjectTopLevelParentUniqueName8 = Angazi.sln
		SccProjectName8 = Framework/Input
		SccLocalPath8 = Framework\\Input
		SccProjectUniqueName9 = VGP242\\02_HelloDirectX\\02_HelloDirectX.vcxproj
		SccProjectTopLevelParentUniqueName9 = Angazi.sln
		SccProjectName9 = VGP242/02_HelloDirectX
		SccLocalPath9 = VGP242\\02_HelloDirectX
		SccProjectUniqueName10 = VGP242\\03_HelloTriangle\\03_HelloTriangle.vcxproj
		SccProjectTopLevelParentUniqueName10 = Angazi.sln
		SccProjectName10 = VGP242/03_HelloTriangle
		SccLocalPath10 = VGP242\\03_HelloTriangle
		SccProjectUniqueName11 = VGP242\\04_HelloShapes\\04_HelloShapes.vcxproj
		SccProjectTopLevelParentUniqueName11 = Angazi.sln
		SccProjectName11 = VGP242/04_HelloShapes
		SccLocalPath11 = VGP242\\04_HelloShapes
		SccProjectUniqueName12 = VGP242\\05_HelloCube\\05_HelloCube.vcxproj
		SccProjectTopLevelParentUniqueName12 = Angazi.sln
		SccProjectName12 = VGP242/05_HelloCube
		SccLocalPath12 = VGP242\\05_HelloCube
		SccProjectUniqueName13 = VGP242\\06_Hello_Texturing\\06_Hello_Texturing.vcxproj
		SccProjectTopLevelParentUniqueName13 = Angazi.sln
		SccProjectName13 = VGP242/06_Hello_Texturing
		SccLocalPath13 = VGP242\\06_Hello_Texturing
		SccProjectUniqueName14 = VGP242\\07_HelloEarth\\07_HelloEarth.vcxproj
		SccProjectTopLevelParentUniqueName14 = Angazi.sln
		SccProjectName14 = VGP242/07_HelloEarth
		SccLocalPath14 = VGP242\\07_HelloEarth
		SccProjectUniqueName15 = VGP242\\08_HelloSolarSystem\\08_HelloSolarSystem.vcxproj
		SccProjectTopLevelParentUniqueName15 = Angazi.sln
		SccProjectName15 = VGP242/08_HelloSolarSystem
		SccLocalPath15 = VGP242\\08_HelloSolarSystem
		SccProjectUniqueName16 = OpenGLProjects\\OpenGL_02_Texturing\\OpenGL_02_Texturing.vcxproj
		SccProjectTopLevelParentUniqueName16 = Angazi.sln
		SccProjectName16 = OpenGLProjects/OpenGL_02_Texturing
		SccLocalPath16 = OpenGLProjects\\OpenGL_02_Texturing
		SccProjectUniqueName17 = OpenGLProjects\\OpenGL_01_Triangle\\OpenGL_01_Triangle.vcxproj
		SccProjectTopLevelParentUniqueName17 = Angazi.sln
		SccProjectName17 = OpenGLProjects/OpenGL_01_Triangle
		SccLocalPath17 = OpenGLProjects\\OpenGL_01_Triangle
		SccProjectUniqueName18 = OpenGLProjects\\OpenGL_03_Cube\\OpenGL_03_Cube.vcxproj
		SccProjectTopLevelParentUniqueName18 = Angazi.sln
		SccProjectName18 = OpenGLProjects/OpenGL_03_Cube
		SccLocalPath18 = OpenGLProjects\\OpenGL_03_Cube
		SccProjectUniqueName19 = OpenGLProjects\\OpenGL_04_SolarSystem\\OpenGL_04_SolarSystem.vcxproj
		SccProjectTopLevelParentUniqueName19 = Angazi.sln
		SccProjectName19 = OpenGLProjects/OpenGL_04_SolarSystem
		SccLocalPath19 = OpenGLProjects\\OpenGL_04_SolarSystem
		SccProjectUniqueName20 = External\\ImGui\\ImGui.vcxproj
		SccProjectTopLevelParentUniqueName20 = Angazi.sln
		SccProjectName20 = External/ImGui
		SccLocalPath20 = External\\ImGui
		SccProjectUniqueName21 = VGP330\\09_HelloImGui\\09_HelloImGui.vcxproj
		SccProjectTopLevelParentUniqueName21 = Angazi.sln
		SccProjectName21 = VGP330/09_HelloImGui
		SccLocalPath21 = VGP330\\09_HelloImGui
		SccProjectUniqueName22 = VGP330\\10_HelloSimpleDraw\\10_HelloSimpleDraw.vcxproj
		SccProjectTopLevelParentUniqueName22 = Angazi.sln
		SccProjectName22 = VGP330/10_HelloSimpleDraw
		SccLocalPath22 = VGP330\\10_HelloSimpleDraw
		SccProjectUniqueName23 = OpenGLProjects\\OpenGL_05_ImGui\\OpenGL_05_ImGui.vcxproj
		SccProjectTopLevelParentUniqueName23 = Angazi.sln
		SccProjectName23 = OpenGLProjects/OpenGL_05_ImGui
		SccLocalPath23 = OpenGLProjects\\OpenGL_05_ImGui
		SccProjectUniqueName24 = External\\Glew\\build\\vc15\\glew_static.vcxproj
		SccProjectTopLevelParentUniqueName24 = Angazi.sln
		SccProjectName24 = External/Glew/build/vc15
		SccLocalPath24 = External\\Glew\\build\\vc15
		SccProjectUniqueName25 = OpenGLProjects\\OpenGL_06_SimpleDraw\\OpenGL_06_SimpleDraw.vcxproj
		SccProjectTopLevelParentUniqueName25 = Angazi.sln
		SccProjectName25 = OpenGLProjects/OpenGL_06_SimpleDraw
		SccLocalPath25 = OpenGLProjects\\OpenGL_06_SimpleDraw
	EndGlobalSection
EndGlobal
