<?xml version="1.0" encoding="utf-8"?>
<Project ToolsVersion="4.0" xmlns="http://schemas.microsoft.com/developer/msbuild/2003">
  <ItemGroup>
    <Filter Include="Inc">
      <UniqueIdentifier>{15f8b240-8079-492a-83ed-799bb0012cc8}</UniqueIdentifier>
    </Filter>
    <Filter Include="Src">
      <UniqueIdentifier>{2a0ee369-007a-4102-ba6d-0d79c11e6b56}</UniqueIdentifier>
    </Filter>
  </ItemGroup>
  <ItemGroup>
    <ClInclude Include="Inc\Common.h">
      <Filter>Inc</Filter>
    </ClInclude>
    <ClInclude Include="Inc\GraphicsSystemGL.h">
      <Filter>Inc</Filter>
    </ClInclude>
    <ClInclude Include="Src\Precompiled.h">
      <Filter>Src</Filter>
    </ClInclude>
    <ClInclude Include="Inc\GraphicsGL.h">
      <Filter>Inc</Filter>
    </ClInclude>
    <ClInclude Include="Inc\Shader.h">
      <Filter>Inc</Filter>
    </ClInclude>
    <ClInclude Include="Inc\MeshBufferGL.h">
      <Filter>Inc</Filter>
    </ClInclude>
    <ClInclude Include="Inc\TextureGL.h">
      <Filter>Inc</Filter>
    </ClInclude>
    <ClInclude Include="Inc\DebugUI.h">
      <Filter>Inc</Filter>
    </ClInclude>
    <ClInclude Include="Inc\UniformBuffer.h">
      <Filter>Inc</Filter>
    </ClInclude>
    <ClInclude Include="Inc\stb_image.h">
      <Filter>Inc</Filter>
    </ClInclude>
    <ClInclude Include="Inc\PixelShaderGL.h">
      <Filter>Inc</Filter>
    </ClInclude>
    <ClInclude Include="Inc\VertexShaderGL.h">
      <Filter>Inc</Filter>
    </ClInclude>
    <ClInclude Include="Inc\SamplerGL.h">
      <Filter>Inc</Filter>
    </ClInclude>
    <ClInclude Include="Inc\RenderTargetGL.h">
      <Filter>Inc</Filter>
    </ClInclude>
    <ClInclude Include="Inc\RasterizerStateGL.h">
      <Filter>Inc</Filter>
    </ClInclude>
    <ClInclude Include="Inc\DepthStencilStateGL.h">
      <Filter>Inc</Filter>
    </ClInclude>
    <ClInclude Include="Inc\BlendStateGL.h">
      <Filter>Inc</Filter>
    </ClInclude>
  </ItemGroup>
  <ItemGroup>
    <ClCompile Include="Src\Precompiled.cpp">
      <Filter>Src</Filter>
    </ClCompile>
    <ClCompile Include="Src\GraphicsSystemGL.cpp">
      <Filter>Src</Filter>
    </ClCompile>
    <ClCompile Include="Src\Shader.cpp">
      <Filter>Src</Filter>
    </ClCompile>
    <ClCompile Include="Src\MeshBufferGL.cpp">
      <Filter>Src</Filter>
    </ClCompile>
    <ClCompile Include="Src\TextureGL.cpp">
      <Filter>Src</Filter>
    </ClCompile>
    <ClCompile Include="Src\DebugUI.cpp">
      <Filter>Src</Filter>
    </ClCompile>
    <ClCompile Include="Src\UniformBuffer.cpp">
      <Filter>Src</Filter>
    </ClCompile>
    <ClCompile Include="Src\stb_image.cpp">
      <Filter>Src</Filter>
    </ClCompile>
    <ClCompile Include="Src\PixelShaderGL.cpp">
      <Filter>Src</Filter>
    </ClCompile>
    <ClCompile Include="Src\VertexShaderGL.cpp">
      <Filter>Src</Filter>
    </ClCompile>
    <ClCompile Include="Src\SamplerGL.cpp">
      <Filter>Src</Filter>
    </ClCompile>
    <ClCompile Include="Src\RenderTargetGL.cpp">
      <Filter>Src</Filter>
    </ClCompile>
    <ClCompile Include="Src\RasterizerStateGL.cpp">
      <Filter>Src</Filter>
    </ClCompile>
    <ClCompile Include="Src\DepthStencilStateGL.cpp">
      <Filter>Src</Filter>
    </ClCompile>
    <ClCompile Include="Src\BlendStateGL.cpp">
      <Filter>Src</Filter>
    </ClCompile>
  </ItemGroup>
</Project>