<?xml version="1.0" encoding="utf-8"?>
<Project ToolsVersion="4.0" xmlns="http://schemas.microsoft.com/developer/msbuild/2003">
  <ItemGroup>
    <Filter Include="Inc">
      <UniqueIdentifier>{d756d9bd-c0c4-40af-a8f7-41fa1e69921a}</UniqueIdentifier>
    </Filter>
    <Filter Include="Src">
      <UniqueIdentifier>{d740ccb8-7505-4023-9216-e0ad7113fb6b}</UniqueIdentifier>
    </Filter>
    <Filter Include="Inc\FSM">
      <UniqueIdentifier>{29e846f6-38e3-4a91-9524-4fdcd56d2b0f}</UniqueIdentifier>
    </Filter>
    <Filter Include="Inc\Pathing">
      <UniqueIdentifier>{052dff10-8c6f-4d73-af3f-20779521126a}</UniqueIdentifier>
    </Filter>
    <Filter Include="Src\Pch">
      <UniqueIdentifier>{f6b7e0d6-c908-401b-b7e1-1d2ca7ae5d0c}</UniqueIdentifier>
    </Filter>
    <Filter Include="Src\Pathing">
      <UniqueIdentifier>{cd361c19-a648-47fd-97a1-fca8a5bac257}</UniqueIdentifier>
    </Filter>
  </ItemGroup>
  <ItemGroup>
    <ClInclude Include="Inc\AI.h">
      <Filter>Inc</Filter>
    </ClInclude>
    <ClInclude Include="Inc\Common.h">
      <Filter>Inc</Filter>
    </ClInclude>
    <ClInclude Include="Inc\AStar.h">
      <Filter>Inc\Pathing</Filter>
    </ClInclude>
    <ClInclude Include="Inc\BFS.h">
      <Filter>Inc\Pathing</Filter>
    </ClInclude>
    <ClInclude Include="Inc\DFS.h">
      <Filter>Inc\Pathing</Filter>
    </ClInclude>
    <ClInclude Include="Inc\Dijkstras.h">
      <Filter>Inc\Pathing</Filter>
    </ClInclude>
    <ClInclude Include="Inc\Graph.h">
      <Filter>Inc\Pathing</Filter>
    </ClInclude>
    <ClInclude Include="Src\Precompiled.h">
      <Filter>Src\Pch</Filter>
    </ClInclude>
    <ClInclude Include="Inc\State.h">
      <Filter>Inc\FSM</Filter>
    </ClInclude>
    <ClInclude Include="Inc\StateMachine.h">
      <Filter>Inc\FSM</Filter>
    </ClInclude>
  </ItemGroup>
  <ItemGroup>
    <ClCompile Include="Src\Precompiled.cpp">
      <Filter>Src\Pch</Filter>
    </ClCompile>
    <ClCompile Include="Src\AStar.cpp">
      <Filter>Src\Pathing</Filter>
    </ClCompile>
    <ClCompile Include="Src\BFS.cpp">
      <Filter>Src\Pathing</Filter>
    </ClCompile>
    <ClCompile Include="Src\DFS.cpp">
      <Filter>Src\Pathing</Filter>
    </ClCompile>
    <ClCompile Include="Src\Dijkstras.cpp">
      <Filter>Src\Pathing</Filter>
    </ClCompile>
    <ClCompile Include="Src\Graph.cpp">
      <Filter>Src\Pathing</Filter>
    </ClCompile>
  </ItemGroup>
</Project>